
Microsoft Visual Studio Solution File, Format Version 12.00
# Visual Studio Version 17
VisualStudioVersion = 17.1.32210.238
MinimumVisualStudioVersion = 10.0.40219.1
Project("{FAE04EC0-301F-11D3-BF4B-00C04F79EFBC}") = "TI_2", "TI_2\TI_2.csproj", "{32AAA349-3F9E-43FC-978E-AE97D0472A3A}"
EndProject
Global
	GlobalSection(SolutionConfigurationPlatforms) = preSolution
		Debug|Any CPU = Debug|Any CPU
		Release|Any CPU = Release|Any CPU
	EndGlobalSection
	GlobalSection(ProjectConfigurationPlatforms) = postSolution
		{32AAA349-3F9E-43FC-978E-AE97D0472A3A}.Debug|Any CPU.ActiveCfg = Debug|Any CPU
		{32AAA349-3F9E-43FC-978E-AE97D0472A3A}.Debug|Any CPU.Build.0 = Debug|Any CPU
		{32AAA349-3F9E-43FC-978E-AE97D0472A3A}.Release|Any CPU.ActiveCfg = Release|Any CPU
		{32AAA349-3F9E-43FC-978E-AE97D0472A3A}.Release|Any CPU.Build.0 = Release|Any CPU
	EndGlobalSection
	GlobalSection(SolutionProperties) = preSolution
		HideSolutionNode = FALSE
	EndGlobalSection
	GlobalSection(ExtensibilityGlobals) = postSolution
		SolutionGuid = {62A343F9-9B4B-4567-B80A-BCBBE9982D17}
	EndGlobalSection
EndGlobal
