
Microsoft Visual Studio Solution File, Format Version 12.00
# Visual Studio Version 17
VisualStudioVersion = 17.1.32210.238
MinimumVisualStudioVersion = 10.0.40219.1
Project("{FAE04EC0-301F-11D3-BF4B-00C04F79EFBC}") = "TI_lab1", "TI_lab1\TI_lab1.csproj", "{5CF598C0-1A57-424D-883C-8CCF7B4C4301}"
EndProject
Global
	GlobalSection(SolutionConfigurationPlatforms) = preSolution
		Debug|Any CPU = Debug|Any CPU
		Release|Any CPU = Release|Any CPU
	EndGlobalSection
	GlobalSection(ProjectConfigurationPlatforms) = postSolution
		{5CF598C0-1A57-424D-883C-8CCF7B4C4301}.Debug|Any CPU.ActiveCfg = Debug|Any CPU
		{5CF598C0-1A57-424D-883C-8CCF7B4C4301}.Debug|Any CPU.Build.0 = Debug|Any CPU
		{5CF598C0-1A57-424D-883C-8CCF7B4C4301}.Release|Any CPU.ActiveCfg = Release|Any CPU
		{5CF598C0-1A57-424D-883C-8CCF7B4C4301}.Release|Any CPU.Build.0 = Release|Any CPU
	EndGlobalSection
	GlobalSection(SolutionProperties) = preSolution
		HideSolutionNode = FALSE
	EndGlobalSection
	GlobalSection(ExtensibilityGlobals) = postSolution
		SolutionGuid = {59836E48-DBE4-4FE8-8D47-A680B0F77F09}
	EndGlobalSection
EndGlobal
